
Microsoft Visual Studio Solution File, Format Version 11.00
# Visual Studio 2010
Project("{8BC9CEB8-8B4A-11D0-8D11-00A0C91BC942}") = "AscensionMW2", "AscensionMW2\AscensionMW2.vcxproj", "{F0DD3DB5-C3D9-48D7-8762-00B560514CE1}"
EndProject
Global
	GlobalSection(SolutionConfigurationPlatforms) = preSolution
		Debug|PS3 = Debug|PS3
		Release|PS3 = Release|PS3
	EndGlobalSection
	GlobalSection(ProjectConfigurationPlatforms) = postSolution
		{F0DD3DB5-C3D9-48D7-8762-00B560514CE1}.Debug|PS3.ActiveCfg = Debug|PS3
		{F0DD3DB5-C3D9-48D7-8762-00B560514CE1}.Debug|PS3.Build.0 = Debug|PS3
		{F0DD3DB5-C3D9-48D7-8762-00B560514CE1}.Release|PS3.ActiveCfg = Release|PS3
		{F0DD3DB5-C3D9-48D7-8762-00B560514CE1}.Release|PS3.Build.0 = Release|PS3
	EndGlobalSection
	GlobalSection(SolutionProperties) = preSolution
		HideSolutionNode = FALSE
	EndGlobalSection
EndGlobal
